// !$*UTF8*$!
{
	archiveVersion = 1;
	classes = {
	};
	objectVersion = 46;
	objects = {

/* Begin PBXBuildFile section */
		01D0ACEE3F94AE88D83D9E43 /* Pods_Pixels0rtr.framework in Frameworks */ = {isa = PBXBuildFile; fileRef = 02818AF82A8723DE4CE8D2CF /* Pods_Pixels0rtr.framework */; };
		F3087B6D1DEEDA2900376A98 /* PixelSorting.swift in Sources */ = {isa = PBXBuildFile; fileRef = F3087B6C1DEEDA2900376A98 /* PixelSorting.swift */; };
		F3087B6F1DEEDCD900376A98 /* SortPattern.swift in Sources */ = {isa = PBXBuildFile; fileRef = F3087B6E1DEEDCD900376A98 /* SortPattern.swift */; };
		F3087B731DEEE77800376A98 /* MathUtils.swift in Sources */ = {isa = PBXBuildFile; fileRef = F3087B721DEEE77800376A98 /* MathUtils.swift */; };
		F3087B751DEFDCF700376A98 /* AppConfig.swift in Sources */ = {isa = PBXBuildFile; fileRef = F3087B741DEFDCF700376A98 /* AppConfig.swift */; };
		F3087B771DF114BA00376A98 /* ImageSelecterViewController.swift in Sources */ = {isa = PBXBuildFile; fileRef = F3087B761DF114BA00376A98 /* ImageSelecterViewController.swift */; };
		F3087B791DF11DA200376A98 /* Photos.framework in Frameworks */ = {isa = PBXBuildFile; fileRef = F3087B781DF11DA200376A98 /* Photos.framework */; };
		F3087B7B1DF6605500376A98 /* TestViewController.swift in Sources */ = {isa = PBXBuildFile; fileRef = F3087B7A1DF6605500376A98 /* TestViewController.swift */; };
		F3087B7D1DF69BFB00376A98 /* Silom.ttf in Resources */ = {isa = PBXBuildFile; fileRef = F3087B7C1DF69B6300376A98 /* Silom.ttf */; };
		F3087B7F1DF6B56000376A98 /* Logger.swift in Sources */ = {isa = PBXBuildFile; fileRef = F3087B7E1DF6B56000376A98 /* Logger.swift */; };
		F336FB681DEEBE3000FB3817 /* AppDelegate.swift in Sources */ = {isa = PBXBuildFile; fileRef = F336FB671DEEBE3000FB3817 /* AppDelegate.swift */; };
		F336FB6A1DEEBE3000FB3817 /* ViewController.swift in Sources */ = {isa = PBXBuildFile; fileRef = F336FB691DEEBE3000FB3817 /* ViewController.swift */; };
		F336FB6D1DEEBE3000FB3817 /* Main.storyboard in Resources */ = {isa = PBXBuildFile; fileRef = F336FB6B1DEEBE3000FB3817 /* Main.storyboard */; };
		F336FB6F1DEEBE3000FB3817 /* Assets.xcassets in Resources */ = {isa = PBXBuildFile; fileRef = F336FB6E1DEEBE3000FB3817 /* Assets.xcassets */; };
		F336FB721DEEBE3000FB3817 /* LaunchScreen.storyboard in Resources */ = {isa = PBXBuildFile; fileRef = F336FB701DEEBE3000FB3817 /* LaunchScreen.storyboard */; };
		F336FB7A1DEEBE4600FB3817 /* Podfile in Resources */ = {isa = PBXBuildFile; fileRef = F336FB791DEEBE4600FB3817 /* Podfile */; };
		F3375B371DFAD52F00AF0742 /* UIView+PixelsortingFX.swift in Sources */ = {isa = PBXBuildFile; fileRef = F3375B361DFAD52F00AF0742 /* UIView+PixelsortingFX.swift */; };
		F3387F821DF8CFB3004D7C3A /* UIImage+Profiling.swift in Sources */ = {isa = PBXBuildFile; fileRef = F3387F811DF8CFB3004D7C3A /* UIImage+Profiling.swift */; };
		F33BA43D1DF51719008304E4 /* SortingPreview.swift in Sources */ = {isa = PBXBuildFile; fileRef = F33BA43C1DF51719008304E4 /* SortingPreview.swift */; };
		F33BA4421DF5231A008304E4 /* defaultImage.jpg in Resources */ = {isa = PBXBuildFile; fileRef = F33BA4411DF5231A008304E4 /* defaultImage.jpg */; };
		F33BA4431DF524C3008304E4 /* SortConfigViewController.swift in Sources */ = {isa = PBXBuildFile; fileRef = F33BA43E1DF51BA3008304E4 /* SortConfigViewController.swift */; };
		F33BA4451DF55732008304E4 /* HorizontalSelectorCollectionViewController.swift in Sources */ = {isa = PBXBuildFile; fileRef = F33BA4441DF55732008304E4 /* HorizontalSelectorCollectionViewController.swift */; };
		F37F382F1DF63177001A97CE /* Image+Utils.swift in Sources */ = {isa = PBXBuildFile; fileRef = F37F382E1DF63177001A97CE /* Image+Utils.swift */; };
		F39F30DF1DF392F20070F379 /* UIImage+Resize.swift in Sources */ = {isa = PBXBuildFile; fileRef = F39F30DE1DF392F20070F379 /* UIImage+Resize.swift */; };
		F39F30E11DF4140B0070F379 /* Bitmap.swift in Sources */ = {isa = PBXBuildFile; fileRef = F39F30E01DF4140B0070F379 /* Bitmap.swift */; };
		F3D91AA41DFCE4C300D45413 /* Analytics.swift in Sources */ = {isa = PBXBuildFile; fileRef = F3D91AA31DFCE4C300D45413 /* Analytics.swift */; };
		F3D91AA61DFCEF9F00D45413 /* releasenotes.txt in Resources */ = {isa = PBXBuildFile; fileRef = F3D91AA51DFCEF9F00D45413 /* releasenotes.txt */; };
		F3D91AA81DFE693900D45413 /* UnlockViewController.swift in Sources */ = {isa = PBXBuildFile; fileRef = F3D91AA71DFE693900D45413 /* UnlockViewController.swift */; };
/* End PBXBuildFile section */

/* Begin PBXFileReference section */
		02818AF82A8723DE4CE8D2CF /* Pods_Pixels0rtr.framework */ = {isa = PBXFileReference; explicitFileType = wrapper.framework; includeInIndex = 0; path = Pods_Pixels0rtr.framework; sourceTree = BUILT_PRODUCTS_DIR; };
		CF798397AB3D92881E845C48 /* Pods-Pixels0rtr.debug.xcconfig */ = {isa = PBXFileReference; includeInIndex = 1; lastKnownFileType = text.xcconfig; name = "Pods-Pixels0rtr.debug.xcconfig"; path = "Pods/Target Support Files/Pods-Pixels0rtr/Pods-Pixels0rtr.debug.xcconfig"; sourceTree = "<group>"; };
		F3087B6C1DEEDA2900376A98 /* PixelSorting.swift */ = {isa = PBXFileReference; fileEncoding = 4; lastKnownFileType = sourcecode.swift; path = PixelSorting.swift; sourceTree = "<group>"; };
		F3087B6E1DEEDCD900376A98 /* SortPattern.swift */ = {isa = PBXFileReference; fileEncoding = 4; lastKnownFileType = sourcecode.swift; path = SortPattern.swift; sourceTree = "<group>"; };
		F3087B721DEEE77800376A98 /* MathUtils.swift */ = {isa = PBXFileReference; fileEncoding = 4; lastKnownFileType = sourcecode.swift; path = MathUtils.swift; sourceTree = "<group>"; };
		F3087B741DEFDCF700376A98 /* AppConfig.swift */ = {isa = PBXFileReference; fileEncoding = 4; lastKnownFileType = sourcecode.swift; path = AppConfig.swift; sourceTree = "<group>"; };
		F3087B761DF114BA00376A98 /* ImageSelecterViewController.swift */ = {isa = PBXFileReference; fileEncoding = 4; lastKnownFileType = sourcecode.swift; path = ImageSelecterViewController.swift; sourceTree = "<group>"; };
		F3087B781DF11DA200376A98 /* Photos.framework */ = {isa = PBXFileReference; lastKnownFileType = wrapper.framework; name = Photos.framework; path = System/Library/Frameworks/Photos.framework; sourceTree = SDKROOT; };
		F3087B7A1DF6605500376A98 /* TestViewController.swift */ = {isa = PBXFileReference; fileEncoding = 4; lastKnownFileType = sourcecode.swift; path = TestViewController.swift; sourceTree = "<group>"; };
		F3087B7C1DF69B6300376A98 /* Silom.ttf */ = {isa = PBXFileReference; lastKnownFileType = file; path = Silom.ttf; sourceTree = "<group>"; };
		F3087B7E1DF6B56000376A98 /* Logger.swift */ = {isa = PBXFileReference; fileEncoding = 4; lastKnownFileType = sourcecode.swift; path = Logger.swift; sourceTree = "<group>"; };
		F336FB641DEEBE3000FB3817 /* Pixels0rtr.app */ = {isa = PBXFileReference; explicitFileType = wrapper.application; includeInIndex = 0; path = Pixels0rtr.app; sourceTree = BUILT_PRODUCTS_DIR; };
		F336FB671DEEBE3000FB3817 /* AppDelegate.swift */ = {isa = PBXFileReference; lastKnownFileType = sourcecode.swift; path = AppDelegate.swift; sourceTree = "<group>"; };
		F336FB691DEEBE3000FB3817 /* ViewController.swift */ = {isa = PBXFileReference; lastKnownFileType = sourcecode.swift; path = ViewController.swift; sourceTree = "<group>"; };
		F336FB6C1DEEBE3000FB3817 /* Base */ = {isa = PBXFileReference; lastKnownFileType = file.storyboard; name = Base; path = Base.lproj/Main.storyboard; sourceTree = "<group>"; };
		F336FB6E1DEEBE3000FB3817 /* Assets.xcassets */ = {isa = PBXFileReference; lastKnownFileType = folder.assetcatalog; path = Assets.xcassets; sourceTree = "<group>"; };
		F336FB711DEEBE3000FB3817 /* Base */ = {isa = PBXFileReference; lastKnownFileType = file.storyboard; name = Base; path = Base.lproj/LaunchScreen.storyboard; sourceTree = "<group>"; };
		F336FB731DEEBE3000FB3817 /* Info.plist */ = {isa = PBXFileReference; lastKnownFileType = text.plist.xml; path = Info.plist; sourceTree = "<group>"; };
		F336FB791DEEBE4600FB3817 /* Podfile */ = {isa = PBXFileReference; fileEncoding = 4; lastKnownFileType = text; path = Podfile; sourceTree = SOURCE_ROOT; xcLanguageSpecificationIdentifier = xcode.lang.ruby; };
		F3375B361DFAD52F00AF0742 /* UIView+PixelsortingFX.swift */ = {isa = PBXFileReference; fileEncoding = 4; lastKnownFileType = sourcecode.swift; path = "UIView+PixelsortingFX.swift"; sourceTree = "<group>"; };
		F3387F811DF8CFB3004D7C3A /* UIImage+Profiling.swift */ = {isa = PBXFileReference; fileEncoding = 4; lastKnownFileType = sourcecode.swift; path = "UIImage+Profiling.swift"; sourceTree = "<group>"; };
		F33BA43C1DF51719008304E4 /* SortingPreview.swift */ = {isa = PBXFileReference; fileEncoding = 4; lastKnownFileType = sourcecode.swift; path = SortingPreview.swift; sourceTree = "<group>"; };
		F33BA43E1DF51BA3008304E4 /* SortConfigViewController.swift */ = {isa = PBXFileReference; fileEncoding = 4; lastKnownFileType = sourcecode.swift; path = SortConfigViewController.swift; sourceTree = "<group>"; };
		F33BA4411DF5231A008304E4 /* defaultImage.jpg */ = {isa = PBXFileReference; lastKnownFileType = image.jpeg; path = defaultImage.jpg; sourceTree = "<group>"; };
		F33BA4441DF55732008304E4 /* HorizontalSelectorCollectionViewController.swift */ = {isa = PBXFileReference; fileEncoding = 4; lastKnownFileType = sourcecode.swift; path = HorizontalSelectorCollectionViewController.swift; sourceTree = "<group>"; };
		F37F382E1DF63177001A97CE /* Image+Utils.swift */ = {isa = PBXFileReference; fileEncoding = 4; lastKnownFileType = sourcecode.swift; path = "Image+Utils.swift"; sourceTree = "<group>"; };
		F39F30DE1DF392F20070F379 /* UIImage+Resize.swift */ = {isa = PBXFileReference; fileEncoding = 4; lastKnownFileType = sourcecode.swift; path = "UIImage+Resize.swift"; sourceTree = "<group>"; };
		F39F30E01DF4140B0070F379 /* Bitmap.swift */ = {isa = PBXFileReference; fileEncoding = 4; lastKnownFileType = sourcecode.swift; path = Bitmap.swift; sourceTree = "<group>"; };
		F3D91AA31DFCE4C300D45413 /* Analytics.swift */ = {isa = PBXFileReference; fileEncoding = 4; lastKnownFileType = sourcecode.swift; path = Analytics.swift; sourceTree = "<group>"; };
		F3D91AA51DFCEF9F00D45413 /* releasenotes.txt */ = {isa = PBXFileReference; fileEncoding = 4; lastKnownFileType = text; path = releasenotes.txt; sourceTree = "<group>"; };
		F3D91AA71DFE693900D45413 /* UnlockViewController.swift */ = {isa = PBXFileReference; fileEncoding = 4; lastKnownFileType = sourcecode.swift; path = UnlockViewController.swift; sourceTree = "<group>"; };
		F9F827F9BD3EABDB79600617 /* Pods-Pixels0rtr.release.xcconfig */ = {isa = PBXFileReference; includeInIndex = 1; lastKnownFileType = text.xcconfig; name = "Pods-Pixels0rtr.release.xcconfig"; path = "Pods/Target Support Files/Pods-Pixels0rtr/Pods-Pixels0rtr.release.xcconfig"; sourceTree = "<group>"; };
/* End PBXFileReference section */

/* Begin PBXFrameworksBuildPhase section */
		F336FB611DEEBE3000FB3817 /* Frameworks */ = {
			isa = PBXFrameworksBuildPhase;
			buildActionMask = 2147483647;
			files = (
				F3087B791DF11DA200376A98 /* Photos.framework in Frameworks */,
				01D0ACEE3F94AE88D83D9E43 /* Pods_Pixels0rtr.framework in Frameworks */,
			);
			runOnlyForDeploymentPostprocessing = 0;
		};
/* End PBXFrameworksBuildPhase section */

/* Begin PBXGroup section */
		B243E03CA0A8704161CCBF3B /* Pods */ = {
			isa = PBXGroup;
			children = (
				CF798397AB3D92881E845C48 /* Pods-Pixels0rtr.debug.xcconfig */,
				F9F827F9BD3EABDB79600617 /* Pods-Pixels0rtr.release.xcconfig */,
			);
			name = Pods;
			sourceTree = "<group>";
		};
		EB309A8A9915D4FDFB78E6AD /* Frameworks */ = {
			isa = PBXGroup;
			children = (
				F3087B781DF11DA200376A98 /* Photos.framework */,
				02818AF82A8723DE4CE8D2CF /* Pods_Pixels0rtr.framework */,
			);
			name = Frameworks;
			sourceTree = "<group>";
		};
		F336FB5B1DEEBE3000FB3817 = {
			isa = PBXGroup;
			children = (
				F336FB661DEEBE3000FB3817 /* Pixels0rtr */,
				F336FB651DEEBE3000FB3817 /* Products */,
				B243E03CA0A8704161CCBF3B /* Pods */,
				EB309A8A9915D4FDFB78E6AD /* Frameworks */,
			);
			sourceTree = "<group>";
		};
		F336FB651DEEBE3000FB3817 /* Products */ = {
			isa = PBXGroup;
			children = (
				F336FB641DEEBE3000FB3817 /* Pixels0rtr.app */,
			);
			name = Products;
			sourceTree = "<group>";
		};
		F336FB661DEEBE3000FB3817 /* Pixels0rtr */ = {
			isa = PBXGroup;
			children = (
				F33BA4401DF522F5008304E4 /* images */,
				F336FB7B1DEECB3000FB3817 /* model */,
				F336FB671DEEBE3000FB3817 /* AppDelegate.swift */,
				F336FB691DEEBE3000FB3817 /* ViewController.swift */,
				F3087B7A1DF6605500376A98 /* TestViewController.swift */,
				F33BA43E1DF51BA3008304E4 /* SortConfigViewController.swift */,
				F3D91AA71DFE693900D45413 /* UnlockViewController.swift */,
				F33BA4441DF55732008304E4 /* HorizontalSelectorCollectionViewController.swift */,
				F3087B761DF114BA00376A98 /* ImageSelecterViewController.swift */,
				F336FB6B1DEEBE3000FB3817 /* Main.storyboard */,
				F336FB6E1DEEBE3000FB3817 /* Assets.xcassets */,
				F336FB701DEEBE3000FB3817 /* LaunchScreen.storyboard */,
				F336FB731DEEBE3000FB3817 /* Info.plist */,
				F3D91AA51DFCEF9F00D45413 /* releasenotes.txt */,
				F336FB791DEEBE4600FB3817 /* Podfile */,
			);
			path = Pixels0rtr;
			sourceTree = "<group>";
		};
		F336FB7B1DEECB3000FB3817 /* model */ = {
			isa = PBXGroup;
			children = (
				F3087B741DEFDCF700376A98 /* AppConfig.swift */,
				F3375B361DFAD52F00AF0742 /* UIView+PixelsortingFX.swift */,
				F39F30E01DF4140B0070F379 /* Bitmap.swift */,
				F39F30DE1DF392F20070F379 /* UIImage+Resize.swift */,
				F37F382E1DF63177001A97CE /* Image+Utils.swift */,
				F3087B6C1DEEDA2900376A98 /* PixelSorting.swift */,
				F3087B6E1DEEDCD900376A98 /* SortPattern.swift */,
				F3087B721DEEE77800376A98 /* MathUtils.swift */,
				F33BA43C1DF51719008304E4 /* SortingPreview.swift */,
				F3087B7E1DF6B56000376A98 /* Logger.swift */,
				F3387F811DF8CFB3004D7C3A /* UIImage+Profiling.swift */,
				F3D91AA31DFCE4C300D45413 /* Analytics.swift */,
			);
			name = model;
			sourceTree = "<group>";
		};
		F33BA4401DF522F5008304E4 /* images */ = {
			isa = PBXGroup;
			children = (
				F3087B7C1DF69B6300376A98 /* Silom.ttf */,
				F33BA4411DF5231A008304E4 /* defaultImage.jpg */,
			);
			name = images;
			sourceTree = "<group>";
		};
/* End PBXGroup section */

/* Begin PBXNativeTarget section */
		F336FB631DEEBE3000FB3817 /* Pixels0rtr */ = {
			isa = PBXNativeTarget;
			buildConfigurationList = F336FB761DEEBE3000FB3817 /* Build configuration list for PBXNativeTarget "Pixels0rtr" */;
			buildPhases = (
				28105511CD066045C09D5AA7 /* [CP] Check Pods Manifest.lock */,
				F336FB601DEEBE3000FB3817 /* Sources */,
				F336FB611DEEBE3000FB3817 /* Frameworks */,
				F336FB621DEEBE3000FB3817 /* Resources */,
				F5955C73CF0388150AD90EB0 /* [CP] Embed Pods Frameworks */,
				63F0609F32E8BCFBE3A3E3B8 /* [CP] Copy Pods Resources */,
			);
			buildRules = (
			);
			dependencies = (
			);
			name = Pixels0rtr;
			productName = Pixels0rtr;
			productReference = F336FB641DEEBE3000FB3817 /* Pixels0rtr.app */;
			productType = "com.apple.product-type.application";
		};
/* End PBXNativeTarget section */

/* Begin PBXProject section */
		F336FB5C1DEEBE3000FB3817 /* Project object */ = {
			isa = PBXProject;
			attributes = {
				LastSwiftUpdateCheck = 0810;
				LastUpgradeCheck = 0810;
				ORGANIZATIONNAME = Bluedot;
				TargetAttributes = {
					F336FB631DEEBE3000FB3817 = {
						CreatedOnToolsVersion = 8.1;
						DevelopmentTeam = M4AJR3AUMW;
						ProvisioningStyle = Automatic;
					};
				};
			};
			buildConfigurationList = F336FB5F1DEEBE3000FB3817 /* Build configuration list for PBXProject "Pixels0rtr" */;
			compatibilityVersion = "Xcode 3.2";
			developmentRegion = English;
			hasScannedForEncodings = 0;
			knownRegions = (
				en,
				Base,
			);
			mainGroup = F336FB5B1DEEBE3000FB3817;
			productRefGroup = F336FB651DEEBE3000FB3817 /* Products */;
			projectDirPath = "";
			projectRoot = "";
			targets = (
				F336FB631DEEBE3000FB3817 /* Pixels0rtr */,
			);
		};
/* End PBXProject section */

/* Begin PBXResourcesBuildPhase section */
		F336FB621DEEBE3000FB3817 /* Resources */ = {
			isa = PBXResourcesBuildPhase;
			buildActionMask = 2147483647;
			files = (
				F336FB721DEEBE3000FB3817 /* LaunchScreen.storyboard in Resources */,
				F336FB6F1DEEBE3000FB3817 /* Assets.xcassets in Resources */,
				F336FB7A1DEEBE4600FB3817 /* Podfile in Resources */,
				F336FB6D1DEEBE3000FB3817 /* Main.storyboard in Resources */,
				F33BA4421DF5231A008304E4 /* defaultImage.jpg in Resources */,
				F3D91AA61DFCEF9F00D45413 /* releasenotes.txt in Resources */,
				F3087B7D1DF69BFB00376A98 /* Silom.ttf in Resources */,
			);
			runOnlyForDeploymentPostprocessing = 0;
		};
/* End PBXResourcesBuildPhase section */

/* Begin PBXShellScriptBuildPhase section */
		28105511CD066045C09D5AA7 /* [CP] Check Pods Manifest.lock */ = {
			isa = PBXShellScriptBuildPhase;
			buildActionMask = 2147483647;
			files = (
			);
			inputPaths = (
			);
			name = "[CP] Check Pods Manifest.lock";
			outputPaths = (
			);
			runOnlyForDeploymentPostprocessing = 0;
			shellPath = /bin/sh;
			shellScript = "diff \"${PODS_ROOT}/../Podfile.lock\" \"${PODS_ROOT}/Manifest.lock\" > /dev/null\nif [ $? != 0 ] ; then\n    # print error to STDERR\n    echo \"error: The sandbox is not in sync with the Podfile.lock. Run 'pod install' or update your CocoaPods installation.\" >&2\n    exit 1\nfi\n";
			showEnvVarsInLog = 0;
		};
		63F0609F32E8BCFBE3A3E3B8 /* [CP] Copy Pods Resources */ = {
			isa = PBXShellScriptBuildPhase;
			buildActionMask = 2147483647;
			files = (
			);
			inputPaths = (
			);
			name = "[CP] Copy Pods Resources";
			outputPaths = (
			);
			runOnlyForDeploymentPostprocessing = 0;
			shellPath = /bin/sh;
			shellScript = "\"${SRCROOT}/Pods/Target Support Files/Pods-Pixels0rtr/Pods-Pixels0rtr-resources.sh\"\n";
			showEnvVarsInLog = 0;
		};
		F5955C73CF0388150AD90EB0 /* [CP] Embed Pods Frameworks */ = {
			isa = PBXShellScriptBuildPhase;
			buildActionMask = 2147483647;
			files = (
			);
			inputPaths = (
			);
			name = "[CP] Embed Pods Frameworks";
			outputPaths = (
			);
			runOnlyForDeploymentPostprocessing = 0;
			shellPath = /bin/sh;
			shellScript = "\"${SRCROOT}/Pods/Target Support Files/Pods-Pixels0rtr/Pods-Pixels0rtr-frameworks.sh\"\n";
			showEnvVarsInLog = 0;
		};
/* End PBXShellScriptBuildPhase section */

/* Begin PBXSourcesBuildPhase section */
		F336FB601DEEBE3000FB3817 /* Sources */ = {
			isa = PBXSourcesBuildPhase;
			buildActionMask = 2147483647;
			files = (
				F3087B7B1DF6605500376A98 /* TestViewController.swift in Sources */,
				F3087B731DEEE77800376A98 /* MathUtils.swift in Sources */,
				F3087B751DEFDCF700376A98 /* AppConfig.swift in Sources */,
				F336FB6A1DEEBE3000FB3817 /* ViewController.swift in Sources */,
				F33BA43D1DF51719008304E4 /* SortingPreview.swift in Sources */,
				F39F30DF1DF392F20070F379 /* UIImage+Resize.swift in Sources */,
				F33BA4451DF55732008304E4 /* HorizontalSelectorCollectionViewController.swift in Sources */,
				F37F382F1DF63177001A97CE /* Image+Utils.swift in Sources */,
				F3D91AA41DFCE4C300D45413 /* Analytics.swift in Sources */,
				F3387F821DF8CFB3004D7C3A /* UIImage+Profiling.swift in Sources */,
				F3D91AA81DFE693900D45413 /* UnlockViewController.swift in Sources */,
				F3087B6F1DEEDCD900376A98 /* SortPattern.swift in Sources */,
				F39F30E11DF4140B0070F379 /* Bitmap.swift in Sources */,
				F3087B7F1DF6B56000376A98 /* Logger.swift in Sources */,
				F3087B6D1DEEDA2900376A98 /* PixelSorting.swift in Sources */,
				F3375B371DFAD52F00AF0742 /* UIView+PixelsortingFX.swift in Sources */,
				F336FB681DEEBE3000FB3817 /* AppDelegate.swift in Sources */,
				F33BA4431DF524C3008304E4 /* SortConfigViewController.swift in Sources */,
				F3087B771DF114BA00376A98 /* ImageSelecterViewController.swift in Sources */,
			);
			runOnlyForDeploymentPostprocessing = 0;
		};
/* End PBXSourcesBuildPhase section */

/* Begin PBXVariantGroup section */
		F336FB6B1DEEBE3000FB3817 /* Main.storyboard */ = {
			isa = PBXVariantGroup;
			children = (
				F336FB6C1DEEBE3000FB3817 /* Base */,
			);
			name = Main.storyboard;
			sourceTree = "<group>";
		};
		F336FB701DEEBE3000FB3817 /* LaunchScreen.storyboard */ = {
			isa = PBXVariantGroup;
			children = (
				F336FB711DEEBE3000FB3817 /* Base */,
			);
			name = LaunchScreen.storyboard;
			sourceTree = "<group>";
		};
/* End PBXVariantGroup section */

/* Begin XCBuildConfiguration section */
		F336FB741DEEBE3000FB3817 /* Debug */ = {
			isa = XCBuildConfiguration;
			buildSettings = {
				ALWAYS_SEARCH_USER_PATHS = NO;
				CLANG_ANALYZER_NONNULL = YES;
				CLANG_CXX_LANGUAGE_STANDARD = "gnu++0x";
				CLANG_CXX_LIBRARY = "libc++";
				CLANG_ENABLE_MODULES = YES;
				CLANG_ENABLE_OBJC_ARC = YES;
				CLANG_WARN_BOOL_CONVERSION = YES;
				CLANG_WARN_CONSTANT_CONVERSION = YES;
				CLANG_WARN_DIRECT_OBJC_ISA_USAGE = YES_ERROR;
				CLANG_WARN_DOCUMENTATION_COMMENTS = YES;
				CLANG_WARN_EMPTY_BODY = YES;
				CLANG_WARN_ENUM_CONVERSION = YES;
				CLANG_WARN_INFINITE_RECURSION = YES;
				CLANG_WARN_INT_CONVERSION = YES;
				CLANG_WARN_OBJC_ROOT_CLASS = YES_ERROR;
				CLANG_WARN_SUSPICIOUS_MOVES = YES;
				CLANG_WARN_UNREACHABLE_CODE = YES;
				CLANG_WARN__DUPLICATE_METHOD_MATCH = YES;
				"CODE_SIGN_IDENTITY[sdk=iphoneos*]" = "iPhone Developer";
				COPY_PHASE_STRIP = NO;
				DEBUG_INFORMATION_FORMAT = dwarf;
				ENABLE_STRICT_OBJC_MSGSEND = YES;
				ENABLE_TESTABILITY = YES;
				GCC_C_LANGUAGE_STANDARD = gnu99;
				GCC_DYNAMIC_NO_PIC = NO;
				GCC_NO_COMMON_BLOCKS = YES;
				GCC_OPTIMIZATION_LEVEL = 0;
				GCC_PREPROCESSOR_DEFINITIONS = (
					"DEBUG=1",
					"$(inherited)",
				);
				GCC_WARN_64_TO_32_BIT_CONVERSION = YES;
				GCC_WARN_ABOUT_RETURN_TYPE = YES_ERROR;
				GCC_WARN_UNDECLARED_SELECTOR = YES;
				GCC_WARN_UNINITIALIZED_AUTOS = YES_AGGRESSIVE;
				GCC_WARN_UNUSED_FUNCTION = YES;
				GCC_WARN_UNUSED_VARIABLE = YES;
				IPHONEOS_DEPLOYMENT_TARGET = 10.1;
				MTL_ENABLE_DEBUG_INFO = YES;
				ONLY_ACTIVE_ARCH = YES;
				SDKROOT = iphoneos;
				SWIFT_ACTIVE_COMPILATION_CONDITIONS = DEBUG;
				SWIFT_OPTIMIZATION_LEVEL = "-Onone";
			};
			name = Debug;
		};
		F336FB751DEEBE3000FB3817 /* Release */ = {
			isa = XCBuildConfiguration;
			buildSettings = {
				ALWAYS_SEARCH_USER_PATHS = NO;
				CLANG_ANALYZER_NONNULL = YES;
				CLANG_CXX_LANGUAGE_STANDARD = "gnu++0x";
				CLANG_CXX_LIBRARY = "libc++";
				CLANG_ENABLE_MODULES = YES;
				CLANG_ENABLE_OBJC_ARC = YES;
				CLANG_WARN_BOOL_CONVERSION = YES;
				CLANG_WARN_CONSTANT_CONVERSION = YES;
				CLANG_WARN_DIRECT_OBJC_ISA_USAGE = YES_ERROR;
				CLANG_WARN_DOCUMENTATION_COMMENTS = YES;
				CLANG_WARN_EMPTY_BODY = YES;
				CLANG_WARN_ENUM_CONVERSION = YES;
				CLANG_WARN_INFINITE_RECURSION = YES;
				CLANG_WARN_INT_CONVERSION = YES;
				CLANG_WARN_OBJC_ROOT_CLASS = YES_ERROR;
				CLANG_WARN_SUSPICIOUS_MOVES = YES;
				CLANG_WARN_UNREACHABLE_CODE = YES;
				CLANG_WARN__DUPLICATE_METHOD_MATCH = YES;
				"CODE_SIGN_IDENTITY[sdk=iphoneos*]" = "iPhone Developer";
				COPY_PHASE_STRIP = NO;
				DEBUG_INFORMATION_FORMAT = "dwarf-with-dsym";
				ENABLE_NS_ASSERTIONS = NO;
				ENABLE_STRICT_OBJC_MSGSEND = YES;
				GCC_C_LANGUAGE_STANDARD = gnu99;
				GCC_NO_COMMON_BLOCKS = YES;
				GCC_WARN_64_TO_32_BIT_CONVERSION = YES;
				GCC_WARN_ABOUT_RETURN_TYPE = YES_ERROR;
				GCC_WARN_UNDECLARED_SELECTOR = YES;
				GCC_WARN_UNINITIALIZED_AUTOS = YES_AGGRESSIVE;
				GCC_WARN_UNUSED_FUNCTION = YES;
				GCC_WARN_UNUSED_VARIABLE = YES;
				IPHONEOS_DEPLOYMENT_TARGET = 10.1;
				MTL_ENABLE_DEBUG_INFO = NO;
				SDKROOT = iphoneos;
				SWIFT_OPTIMIZATION_LEVEL = "-Owholemodule";
				VALIDATE_PRODUCT = YES;
			};
			name = Release;
		};
		F336FB771DEEBE3000FB3817 /* Debug */ = {
			isa = XCBuildConfiguration;
			baseConfigurationReference = CF798397AB3D92881E845C48 /* Pods-Pixels0rtr.debug.xcconfig */;
			buildSettings = {
				ASSETCATALOG_COMPILER_APPICON_NAME = AppIcon;
				DEVELOPMENT_TEAM = M4AJR3AUMW;
				INFOPLIST_FILE = Pixels0rtr/Info.plist;
				LD_RUNPATH_SEARCH_PATHS = "$(inherited) @executable_path/Frameworks";
				PRODUCT_BUNDLE_IDENTIFIER = th.co.bluedot.pixels0rtr;
				PRODUCT_NAME = "$(TARGET_NAME)";
				SWIFT_VERSION = 3.0.1;
			};
			name = Debug;
		};
		F336FB781DEEBE3000FB3817 /* Release */ = {
			isa = XCBuildConfiguration;
			baseConfigurationReference = F9F827F9BD3EABDB79600617 /* Pods-Pixels0rtr.release.xcconfig */;
			buildSettings = {
				ASSETCATALOG_COMPILER_APPICON_NAME = AppIcon;
				DEVELOPMENT_TEAM = M4AJR3AUMW;
				INFOPLIST_FILE = Pixels0rtr/Info.plist;
				LD_RUNPATH_SEARCH_PATHS = "$(inherited) @executable_path/Frameworks";
				PRODUCT_BUNDLE_IDENTIFIER = th.co.bluedot.pixels0rtr;
				PRODUCT_NAME = "$(TARGET_NAME)";
				SWIFT_VERSION = 3.0.1;
			};
			name = Release;
		};
/* End XCBuildConfiguration section */

/* Begin XCConfigurationList section */
		F336FB5F1DEEBE3000FB3817 /* Build configuration list for PBXProject "Pixels0rtr" */ = {
			isa = XCConfigurationList;
			buildConfigurations = (
				F336FB741DEEBE3000FB3817 /* Debug */,
				F336FB751DEEBE3000FB3817 /* Release */,
			);
			defaultConfigurationIsVisible = 0;
			defaultConfigurationName = Release;
		};
		F336FB761DEEBE3000FB3817 /* Build configuration list for PBXNativeTarget "Pixels0rtr" */ = {
			isa = XCConfigurationList;
			buildConfigurations = (
				F336FB771DEEBE3000FB3817 /* Debug */,
				F336FB781DEEBE3000FB3817 /* Release */,
			);
			defaultConfigurationIsVisible = 0;
			defaultConfigurationName = Release;
		};
/* End XCConfigurationList section */
	};
	rootObject = F336FB5C1DEEBE3000FB3817 /* Project object */;
}
